
Microsoft Visual Studio Solution File, Format Version 12.00
# Visual Studio Version 17
VisualStudioVersion = 17.3.32811.315
MinimumVisualStudioVersion = 10.0.40219.1
Project("{2150E333-8FDC-42A3-9474-1A3956D46DE8}") = "Solution Items", "Solution Items", "{22D58284-719D-4C99-8A72-EAA4AD6B6E16}"
	ProjectSection(SolutionItems) = preProject
		.editorconfig = .editorconfig
		Directory.Build.props = Directory.Build.props
		Directory.Build.targets = Directory.Build.targets
		README.md = README.md
	EndProjectSection
EndProject
Project("{2150E333-8FDC-42A3-9474-1A3956D46DE8}") = "samples", "samples", "{D75FDEA6-4C00-4AE4-BD20-49615C9C4576}"
EndProject
Project("{2150E333-8FDC-42A3-9474-1A3956D46DE8}") = "src", "src", "{A1EB77A7-80E1-4FDF-A19E-6307E6422856}"
	ProjectSection(SolutionItems) = preProject
		src\Directory.Build.targets = src\Directory.Build.targets
	EndProjectSection
EndProject
Project("{2150E333-8FDC-42A3-9474-1A3956D46DE8}") = "test", "test", "{D82DACED-E5CC-4387-A91D-76D4BE049650}"
EndProject
Project("{9A19103F-16F7-4668-BE54-9A1E7A4F7556}") = "SampleWebApi", "samples\SampleWebApi\SampleWebApi.csproj", "{D18B3413-35A7-4E2F-8D14-42E87A74F1B5}"
EndProject
Project("{9A19103F-16F7-4668-BE54-9A1E7A4F7556}") = "NetLah.Extensions.HttpOverrides", "src\NetLah.Extensions.HttpOverrides\NetLah.Extensions.HttpOverrides.csproj", "{031B8687-0672-4C78-A05B-DB571CE958E4}"
EndProject
Project("{9A19103F-16F7-4668-BE54-9A1E7A4F7556}") = "NetLah.Extensions.HttpOverrides.Test", "test\NetLah.Extensions.HttpOverrides.Test\NetLah.Extensions.HttpOverrides.Test.csproj", "{43A41421-5C89-47FD-A86D-7E29F6EF4229}"
EndProject
Project("{9A19103F-16F7-4668-BE54-9A1E7A4F7556}") = "SampleWebPages", "samples\SampleWebPages\SampleWebPages.csproj", "{490BB39D-1255-4178-9198-1BAE4035456E}"
EndProject
Global
	GlobalSection(SolutionConfigurationPlatforms) = preSolution
		Debug|Any CPU = Debug|Any CPU
		Release|Any CPU = Release|Any CPU
	EndGlobalSection
	GlobalSection(ProjectConfigurationPlatforms) = postSolution
		{D18B3413-35A7-4E2F-8D14-42E87A74F1B5}.Debug|Any CPU.ActiveCfg = Debug|Any CPU
		{D18B3413-35A7-4E2F-8D14-42E87A74F1B5}.Debug|Any CPU.Build.0 = Debug|Any CPU
		{D18B3413-35A7-4E2F-8D14-42E87A74F1B5}.Release|Any CPU.ActiveCfg = Release|Any CPU
		{D18B3413-35A7-4E2F-8D14-42E87A74F1B5}.Release|Any CPU.Build.0 = Release|Any CPU
		{031B8687-0672-4C78-A05B-DB571CE958E4}.Debug|Any CPU.ActiveCfg = Debug|Any CPU
		{031B8687-0672-4C78-A05B-DB571CE958E4}.Debug|Any CPU.Build.0 = Debug|Any CPU
		{031B8687-0672-4C78-A05B-DB571CE958E4}.Release|Any CPU.ActiveCfg = Release|Any CPU
		{031B8687-0672-4C78-A05B-DB571CE958E4}.Release|Any CPU.Build.0 = Release|Any CPU
		{43A41421-5C89-47FD-A86D-7E29F6EF4229}.Debug|Any CPU.ActiveCfg = Debug|Any CPU
		{43A41421-5C89-47FD-A86D-7E29F6EF4229}.Debug|Any CPU.Build.0 = Debug|Any CPU
		{43A41421-5C89-47FD-A86D-7E29F6EF4229}.Release|Any CPU.ActiveCfg = Release|Any CPU
		{43A41421-5C89-47FD-A86D-7E29F6EF4229}.Release|Any CPU.Build.0 = Release|Any CPU
		{490BB39D-1255-4178-9198-1BAE4035456E}.Debug|Any CPU.ActiveCfg = Debug|Any CPU
		{490BB39D-1255-4178-9198-1BAE4035456E}.Debug|Any CPU.Build.0 = Debug|Any CPU
		{490BB39D-1255-4178-9198-1BAE4035456E}.Release|Any CPU.ActiveCfg = Release|Any CPU
		{490BB39D-1255-4178-9198-1BAE4035456E}.Release|Any CPU.Build.0 = Release|Any CPU
	EndGlobalSection
	GlobalSection(SolutionProperties) = preSolution
		HideSolutionNode = FALSE
	EndGlobalSection
	GlobalSection(NestedProjects) = preSolution
		{D18B3413-35A7-4E2F-8D14-42E87A74F1B5} = {D75FDEA6-4C00-4AE4-BD20-49615C9C4576}
		{031B8687-0672-4C78-A05B-DB571CE958E4} = {A1EB77A7-80E1-4FDF-A19E-6307E6422856}
		{43A41421-5C89-47FD-A86D-7E29F6EF4229} = {D82DACED-E5CC-4387-A91D-76D4BE049650}
		{490BB39D-1255-4178-9198-1BAE4035456E} = {D75FDEA6-4C00-4AE4-BD20-49615C9C4576}
	EndGlobalSection
	GlobalSection(ExtensibilityGlobals) = postSolution
		SolutionGuid = {D100901D-A6E7-4705-B608-78D021891DE7}
	EndGlobalSection
EndGlobal
